// !$*UTF8*$!
{
	archiveVersion = 1;
	classes = {
	};
	objectVersion = 46;
	objects = {

/* Begin PBXBuildFile section */
		260B59AF1F0CDC4B00E06BB3 /* AppDelegate.swift in Sources */ = {isa = PBXBuildFile; fileRef = 260B59AE1F0CDC4B00E06BB3 /* AppDelegate.swift */; };
		260B59B41F0CDC4B00E06BB3 /* Main.storyboard in Resources */ = {isa = PBXBuildFile; fileRef = 260B59B21F0CDC4B00E06BB3 /* Main.storyboard */; };
		260B59B61F0CDC4B00E06BB3 /* Assets.xcassets in Resources */ = {isa = PBXBuildFile; fileRef = 260B59B51F0CDC4B00E06BB3 /* Assets.xcassets */; };
		260B59B91F0CDC4B00E06BB3 /* LaunchScreen.storyboard in Resources */ = {isa = PBXBuildFile; fileRef = 260B59B71F0CDC4B00E06BB3 /* LaunchScreen.storyboard */; };
		260B59C41F0CDC4B00E06BB3 /* LeHongPhong_14110409_bai3Tests.swift in Sources */ = {isa = PBXBuildFile; fileRef = 260B59C31F0CDC4B00E06BB3 /* LeHongPhong_14110409_bai3Tests.swift */; };
		260B59CF1F0CDC4B00E06BB3 /* LeHongPhong_14110409_bai3UITests.swift in Sources */ = {isa = PBXBuildFile; fileRef = 260B59CE1F0CDC4B00E06BB3 /* LeHongPhong_14110409_bai3UITests.swift */; };
		260B59DD1F0CDD0C00E06BB3 /* TableViewController.swift in Sources */ = {isa = PBXBuildFile; fileRef = 260B59DC1F0CDD0C00E06BB3 /* TableViewController.swift */; };
		260B59DF1F0CDD3F00E06BB3 /* TaskModel.swift in Sources */ = {isa = PBXBuildFile; fileRef = 260B59DE1F0CDD3F00E06BB3 /* TaskModel.swift */; };
/* End PBXBuildFile section */

/* Begin PBXContainerItemProxy section */
		260B59C01F0CDC4B00E06BB3 /* PBXContainerItemProxy */ = {
			isa = PBXContainerItemProxy;
			containerPortal = 260B59A31F0CDC4B00E06BB3 /* Project object */;
			proxyType = 1;
			remoteGlobalIDString = 260B59AA1F0CDC4B00E06BB3;
			remoteInfo = LeHongPhong_14110409_bai3;
		};
		260B59CB1F0CDC4B00E06BB3 /* PBXContainerItemProxy */ = {
			isa = PBXContainerItemProxy;
			containerPortal = 260B59A31F0CDC4B00E06BB3 /* Project object */;
			proxyType = 1;
			remoteGlobalIDString = 260B59AA1F0CDC4B00E06BB3;
			remoteInfo = LeHongPhong_14110409_bai3;
		};
/* End PBXContainerItemProxy section */

/* Begin PBXFileReference section */
		260B59AB1F0CDC4B00E06BB3 /* LeHongPhong_14110409_bai3.app */ = {isa = PBXFileReference; explicitFileType = wrapper.application; includeInIndex = 0; path = LeHongPhong_14110409_bai3.app; sourceTree = BUILT_PRODUCTS_DIR; };
		260B59AE1F0CDC4B00E06BB3 /* AppDelegate.swift */ = {isa = PBXFileReference; lastKnownFileType = sourcecode.swift; path = AppDelegate.swift; sourceTree = "<group>"; };
		260B59B31F0CDC4B00E06BB3 /* Base */ = {isa = PBXFileReference; lastKnownFileType = file.storyboard; name = Base; path = Base.lproj/Main.storyboard; sourceTree = "<group>"; };
		260B59B51F0CDC4B00E06BB3 /* Assets.xcassets */ = {isa = PBXFileReference; lastKnownFileType = folder.assetcatalog; path = Assets.xcassets; sourceTree = "<group>"; };
		260B59B81F0CDC4B00E06BB3 /* Base */ = {isa = PBXFileReference; lastKnownFileType = file.storyboard; name = Base; path = Base.lproj/LaunchScreen.storyboard; sourceTree = "<group>"; };
		260B59BA1F0CDC4B00E06BB3 /* Info.plist */ = {isa = PBXFileReference; lastKnownFileType = text.plist.xml; path = Info.plist; sourceTree = "<group>"; };
		260B59BF1F0CDC4B00E06BB3 /* LeHongPhong_14110409_bai3Tests.xctest */ = {isa = PBXFileReference; explicitFileType = wrapper.cfbundle; includeInIndex = 0; path = LeHongPhong_14110409_bai3Tests.xctest; sourceTree = BUILT_PRODUCTS_DIR; };
		260B59C31F0CDC4B00E06BB3 /* LeHongPhong_14110409_bai3Tests.swift */ = {isa = PBXFileReference; lastKnownFileType = sourcecode.swift; path = LeHongPhong_14110409_bai3Tests.swift; sourceTree = "<group>"; };
		260B59C51F0CDC4B00E06BB3 /* Info.plist */ = {isa = PBXFileReference; lastKnownFileType = text.plist.xml; path = Info.plist; sourceTree = "<group>"; };
		260B59CA1F0CDC4B00E06BB3 /* LeHongPhong_14110409_bai3UITests.xctest */ = {isa = PBXFileReference; explicitFileType = wrapper.cfbundle; includeInIndex = 0; path = LeHongPhong_14110409_bai3UITests.xctest; sourceTree = BUILT_PRODUCTS_DIR; };
		260B59CE1F0CDC4B00E06BB3 /* LeHongPhong_14110409_bai3UITests.swift */ = {isa = PBXFileReference; lastKnownFileType = sourcecode.swift; path = LeHongPhong_14110409_bai3UITests.swift; sourceTree = "<group>"; };
		260B59D01F0CDC4B00E06BB3 /* Info.plist */ = {isa = PBXFileReference; lastKnownFileType = text.plist.xml; path = Info.plist; sourceTree = "<group>"; };
		260B59DC1F0CDD0C00E06BB3 /* TableViewController.swift */ = {isa = PBXFileReference; fileEncoding = 4; lastKnownFileType = sourcecode.swift; path = TableViewController.swift; sourceTree = "<group>"; };
		260B59DE1F0CDD3F00E06BB3 /* TaskModel.swift */ = {isa = PBXFileReference; fileEncoding = 4; lastKnownFileType = sourcecode.swift; path = TaskModel.swift; sourceTree = "<group>"; };
/* End PBXFileReference section */

/* Begin PBXFrameworksBuildPhase section */
		260B59A81F0CDC4B00E06BB3 /* Frameworks */ = {
			isa = PBXFrameworksBuildPhase;
			buildActionMask = 2147483647;
			files = (
			);
			runOnlyForDeploymentPostprocessing = 0;
		};
		260B59BC1F0CDC4B00E06BB3 /* Frameworks */ = {
			isa = PBXFrameworksBuildPhase;
			buildActionMask = 2147483647;
			files = (
			);
			runOnlyForDeploymentPostprocessing = 0;
		};
		260B59C71F0CDC4B00E06BB3 /* Frameworks */ = {
			isa = PBXFrameworksBuildPhase;
			buildActionMask = 2147483647;
			files = (
			);
			runOnlyForDeploymentPostprocessing = 0;
		};
/* End PBXFrameworksBuildPhase section */

/* Begin PBXGroup section */
		260B59A21F0CDC4B00E06BB3 = {
			isa = PBXGroup;
			children = (
				260B59AD1F0CDC4B00E06BB3 /* LeHongPhong_14110409_bai3 */,
				260B59C21F0CDC4B00E06BB3 /* LeHongPhong_14110409_bai3Tests */,
				260B59CD1F0CDC4B00E06BB3 /* LeHongPhong_14110409_bai3UITests */,
				260B59AC1F0CDC4B00E06BB3 /* Products */,
			);
			sourceTree = "<group>";
		};
		260B59AC1F0CDC4B00E06BB3 /* Products */ = {
			isa = PBXGroup;
			children = (
				260B59AB1F0CDC4B00E06BB3 /* LeHongPhong_14110409_bai3.app */,
				260B59BF1F0CDC4B00E06BB3 /* LeHongPhong_14110409_bai3Tests.xctest */,
				260B59CA1F0CDC4B00E06BB3 /* LeHongPhong_14110409_bai3UITests.xctest */,
			);
			name = Products;
			sourceTree = "<group>";
		};
		260B59AD1F0CDC4B00E06BB3 /* LeHongPhong_14110409_bai3 */ = {
			isa = PBXGroup;
			children = (
				260B59AE1F0CDC4B00E06BB3 /* AppDelegate.swift */,
				260B59B51F0CDC4B00E06BB3 /* Assets.xcassets */,
				260B59B71F0CDC4B00E06BB3 /* LaunchScreen.storyboard */,
				260B59BA1F0CDC4B00E06BB3 /* Info.plist */,
				260B59E21F0CE12F00E06BB3 /* view */,
				260B59E01F0CE11C00E06BB3 /* controller */,
				260B59E11F0CE12500E06BB3 /* model */,
			);
			path = LeHongPhong_14110409_bai3;
			sourceTree = "<group>";
		};
		260B59C21F0CDC4B00E06BB3 /* LeHongPhong_14110409_bai3Tests */ = {
			isa = PBXGroup;
			children = (
				260B59C31F0CDC4B00E06BB3 /* LeHongPhong_14110409_bai3Tests.swift */,
				260B59C51F0CDC4B00E06BB3 /* Info.plist */,
			);
			path = LeHongPhong_14110409_bai3Tests;
			sourceTree = "<group>";
		};
		260B59CD1F0CDC4B00E06BB3 /* LeHongPhong_14110409_bai3UITests */ = {
			isa = PBXGroup;
			children = (
				260B59CE1F0CDC4B00E06BB3 /* LeHongPhong_14110409_bai3UITests.swift */,
				260B59D01F0CDC4B00E06BB3 /* Info.plist */,
			);
			path = LeHongPhong_14110409_bai3UITests;
			sourceTree = "<group>";
		};
		260B59E01F0CE11C00E06BB3 /* controller */ = {
			isa = PBXGroup;
			children = (
				260B59DC1F0CDD0C00E06BB3 /* TableViewController.swift */,
			);
			name = controller;
			sourceTree = "<group>";
		};
		260B59E11F0CE12500E06BB3 /* model */ = {
			isa = PBXGroup;
			children = (
				260B59DE1F0CDD3F00E06BB3 /* TaskModel.swift */,
			);
			name = model;
			sourceTree = "<group>";
		};
		260B59E21F0CE12F00E06BB3 /* view */ = {
			isa = PBXGroup;
			children = (
				260B59B21F0CDC4B00E06BB3 /* Main.storyboard */,
			);
			name = view;
			sourceTree = "<group>";
		};
/* End PBXGroup section */

/* Begin PBXNativeTarget section */
		260B59AA1F0CDC4B00E06BB3 /* LeHongPhong_14110409_bai3 */ = {
			isa = PBXNativeTarget;
			buildConfigurationList = 260B59D31F0CDC4B00E06BB3 /* Build configuration list for PBXNativeTarget "LeHongPhong_14110409_bai3" */;
			buildPhases = (
				260B59A71F0CDC4B00E06BB3 /* Sources */,
				260B59A81F0CDC4B00E06BB3 /* Frameworks */,
				260B59A91F0CDC4B00E06BB3 /* Resources */,
			);
			buildRules = (
			);
			dependencies = (
			);
			name = LeHongPhong_14110409_bai3;
			productName = LeHongPhong_14110409_bai3;
			productReference = 260B59AB1F0CDC4B00E06BB3 /* LeHongPhong_14110409_bai3.app */;
			productType = "com.apple.product-type.application";
		};
		260B59BE1F0CDC4B00E06BB3 /* LeHongPhong_14110409_bai3Tests */ = {
			isa = PBXNativeTarget;
			buildConfigurationList = 260B59D61F0CDC4B00E06BB3 /* Build configuration list for PBXNativeTarget "LeHongPhong_14110409_bai3Tests" */;
			buildPhases = (
				260B59BB1F0CDC4B00E06BB3 /* Sources */,
				260B59BC1F0CDC4B00E06BB3 /* Frameworks */,
				260B59BD1F0CDC4B00E06BB3 /* Resources */,
			);
			buildRules = (
			);
			dependencies = (
				260B59C11F0CDC4B00E06BB3 /* PBXTargetDependency */,
			);
			name = LeHongPhong_14110409_bai3Tests;
			productName = LeHongPhong_14110409_bai3Tests;
			productReference = 260B59BF1F0CDC4B00E06BB3 /* LeHongPhong_14110409_bai3Tests.xctest */;
			productType = "com.apple.product-type.bundle.unit-test";
		};
		260B59C91F0CDC4B00E06BB3 /* LeHongPhong_14110409_bai3UITests */ = {
			isa = PBXNativeTarget;
			buildConfigurationList = 260B59D91F0CDC4B00E06BB3 /* Build configuration list for PBXNativeTarget "LeHongPhong_14110409_bai3UITests" */;
			buildPhases = (
				260B59C61F0CDC4B00E06BB3 /* Sources */,
				260B59C71F0CDC4B00E06BB3 /* Frameworks */,
				260B59C81F0CDC4B00E06BB3 /* Resources */,
			);
			buildRules = (
			);
			dependencies = (
				260B59CC1F0CDC4B00E06BB3 /* PBXTargetDependency */,
			);
			name = LeHongPhong_14110409_bai3UITests;
			productName = LeHongPhong_14110409_bai3UITests;
			productReference = 260B59CA1F0CDC4B00E06BB3 /* LeHongPhong_14110409_bai3UITests.xctest */;
			productType = "com.apple.product-type.bundle.ui-testing";
		};
/* End PBXNativeTarget section */

/* Begin PBXProject section */
		260B59A31F0CDC4B00E06BB3 /* Project object */ = {
			isa = PBXProject;
			attributes = {
				LastSwiftUpdateCheck = 0830;
				LastUpgradeCheck = 0830;
				ORGANIZATIONNAME = PhongLe;
				TargetAttributes = {
					260B59AA1F0CDC4B00E06BB3 = {
						CreatedOnToolsVersion = 8.3.3;
						ProvisioningStyle = Automatic;
					};
					260B59BE1F0CDC4B00E06BB3 = {
						CreatedOnToolsVersion = 8.3.3;
						ProvisioningStyle = Automatic;
						TestTargetID = 260B59AA1F0CDC4B00E06BB3;
					};
					260B59C91F0CDC4B00E06BB3 = {
						CreatedOnToolsVersion = 8.3.3;
						ProvisioningStyle = Automatic;
						TestTargetID = 260B59AA1F0CDC4B00E06BB3;
					};
				};
			};
			buildConfigurationList = 260B59A61F0CDC4B00E06BB3 /* Build configuration list for PBXProject "LeHongPhong_14110409_bai3" */;
			compatibilityVersion = "Xcode 3.2";
			developmentRegion = English;
			hasScannedForEncodings = 0;
			knownRegions = (
				en,
				Base,
			);
			mainGroup = 260B59A21F0CDC4B00E06BB3;
			productRefGroup = 260B59AC1F0CDC4B00E06BB3 /* Products */;
			projectDirPath = "";
			projectRoot = "";
			targets = (
				260B59AA1F0CDC4B00E06BB3 /* LeHongPhong_14110409_bai3 */,
				260B59BE1F0CDC4B00E06BB3 /* LeHongPhong_14110409_bai3Tests */,
				260B59C91F0CDC4B00E06BB3 /* LeHongPhong_14110409_bai3UITests */,
			);
		};
/* End PBXProject section */

/* Begin PBXResourcesBuildPhase section */
		260B59A91F0CDC4B00E06BB3 /* Resources */ = {
			isa = PBXResourcesBuildPhase;
			buildActionMask = 2147483647;
			files = (
				260B59B91F0CDC4B00E06BB3 /* LaunchScreen.storyboard in Resources */,
				260B59B61F0CDC4B00E06BB3 /* Assets.xcassets in Resources */,
				260B59B41F0CDC4B00E06BB3 /* Main.storyboard in Resources */,
			);
			runOnlyForDeploymentPostprocessing = 0;
		};
		260B59BD1F0CDC4B00E06BB3 /* Resources */ = {
			isa = PBXResourcesBuildPhase;
			buildActionMask = 2147483647;
			files = (
			);
			runOnlyForDeploymentPostprocessing = 0;
		};
		260B59C81F0CDC4B00E06BB3 /* Resources */ = {
			isa = PBXResourcesBuildPhase;
			buildActionMask = 2147483647;
			files = (
			);
			runOnlyForDeploymentPostprocessing = 0;
		};
/* End PBXResourcesBuildPhase section */

/* Begin PBXSourcesBuildPhase section */
		260B59A71F0CDC4B00E06BB3 /* Sources */ = {
			isa = PBXSourcesBuildPhase;
			buildActionMask = 2147483647;
			files = (
				260B59DF1F0CDD3F00E06BB3 /* TaskModel.swift in Sources */,
				260B59AF1F0CDC4B00E06BB3 /* AppDelegate.swift in Sources */,
				260B59DD1F0CDD0C00E06BB3 /* TableViewController.swift in Sources */,
			);
			runOnlyForDeploymentPostprocessing = 0;
		};
		260B59BB1F0CDC4B00E06BB3 /* Sources */ = {
			isa = PBXSourcesBuildPhase;
			buildActionMask = 2147483647;
			files = (
				260B59C41F0CDC4B00E06BB3 /* LeHongPhong_14110409_bai3Tests.swift in Sources */,
			);
			runOnlyForDeploymentPostprocessing = 0;
		};
		260B59C61F0CDC4B00E06BB3 /* Sources */ = {
			isa = PBXSourcesBuildPhase;
			buildActionMask = 2147483647;
			files = (
				260B59CF1F0CDC4B00E06BB3 /* LeHongPhong_14110409_bai3UITests.swift in Sources */,
			);
			runOnlyForDeploymentPostprocessing = 0;
		};
/* End PBXSourcesBuildPhase section */

/* Begin PBXTargetDependency section */
		260B59C11F0CDC4B00E06BB3 /* PBXTargetDependency */ = {
			isa = PBXTargetDependency;
			target = 260B59AA1F0CDC4B00E06BB3 /* LeHongPhong_14110409_bai3 */;
			targetProxy = 260B59C01F0CDC4B00E06BB3 /* PBXContainerItemProxy */;
		};
		260B59CC1F0CDC4B00E06BB3 /* PBXTargetDependency */ = {
			isa = PBXTargetDependency;
			target = 260B59AA1F0CDC4B00E06BB3 /* LeHongPhong_14110409_bai3 */;
			targetProxy = 260B59CB1F0CDC4B00E06BB3 /* PBXContainerItemProxy */;
		};
/* End PBXTargetDependency section */

/* Begin PBXVariantGroup section */
		260B59B21F0CDC4B00E06BB3 /* Main.storyboard */ = {
			isa = PBXVariantGroup;
			children = (
				260B59B31F0CDC4B00E06BB3 /* Base */,
			);
			name = Main.storyboard;
			sourceTree = "<group>";
		};
		260B59B71F0CDC4B00E06BB3 /* LaunchScreen.storyboard */ = {
			isa = PBXVariantGroup;
			children = (
				260B59B81F0CDC4B00E06BB3 /* Base */,
			);
			name = LaunchScreen.storyboard;
			sourceTree = "<group>";
		};
/* End PBXVariantGroup section */

/* Begin XCBuildConfiguration section */
		260B59D11F0CDC4B00E06BB3 /* Debug */ = {
			isa = XCBuildConfiguration;
			buildSettings = {
				ALWAYS_SEARCH_USER_PATHS = NO;
				CLANG_ANALYZER_NONNULL = YES;
				CLANG_ANALYZER_NUMBER_OBJECT_CONVERSION = YES_AGGRESSIVE;
				CLANG_CXX_LANGUAGE_STANDARD = "gnu++0x";
				CLANG_CXX_LIBRARY = "libc++";
				CLANG_ENABLE_MODULES = YES;
				CLANG_ENABLE_OBJC_ARC = YES;
				CLANG_WARN_BOOL_CONVERSION = YES;
				CLANG_WARN_CONSTANT_CONVERSION = YES;
				CLANG_WARN_DIRECT_OBJC_ISA_USAGE = YES_ERROR;
				CLANG_WARN_DOCUMENTATION_COMMENTS = YES;
				CLANG_WARN_EMPTY_BODY = YES;
				CLANG_WARN_ENUM_CONVERSION = YES;
				CLANG_WARN_INFINITE_RECURSION = YES;
				CLANG_WARN_INT_CONVERSION = YES;
				CLANG_WARN_OBJC_ROOT_CLASS = YES_ERROR;
				CLANG_WARN_SUSPICIOUS_MOVE = YES;
				CLANG_WARN_UNREACHABLE_CODE = YES;
				CLANG_WARN__DUPLICATE_METHOD_MATCH = YES;
				"CODE_SIGN_IDENTITY[sdk=iphoneos*]" = "iPhone Developer";
				COPY_PHASE_STRIP = NO;
				DEBUG_INFORMATION_FORMAT = dwarf;
				ENABLE_STRICT_OBJC_MSGSEND = YES;
				ENABLE_TESTABILITY = YES;
				GCC_C_LANGUAGE_STANDARD = gnu99;
				GCC_DYNAMIC_NO_PIC = NO;
				GCC_NO_COMMON_BLOCKS = YES;
				GCC_OPTIMIZATION_LEVEL = 0;
				GCC_PREPROCESSOR_DEFINITIONS = (
					"DEBUG=1",
					"$(inherited)",
				);
				GCC_WARN_64_TO_32_BIT_CONVERSION = YES;
				GCC_WARN_ABOUT_RETURN_TYPE = YES_ERROR;
				GCC_WARN_UNDECLARED_SELECTOR = YES;
				GCC_WARN_UNINITIALIZED_AUTOS = YES_AGGRESSIVE;
				GCC_WARN_UNUSED_FUNCTION = YES;
				GCC_WARN_UNUSED_VARIABLE = YES;
				IPHONEOS_DEPLOYMENT_TARGET = 10.3;
				MTL_ENABLE_DEBUG_INFO = YES;
				ONLY_ACTIVE_ARCH = YES;
				SDKROOT = iphoneos;
				SWIFT_ACTIVE_COMPILATION_CONDITIONS = DEBUG;
				SWIFT_OPTIMIZATION_LEVEL = "-Onone";
				TARGETED_DEVICE_FAMILY = "1,2";
			};
			name = Debug;
		};
		260B59D21F0CDC4B00E06BB3 /* Release */ = {
			isa = XCBuildConfiguration;
			buildSettings = {
				ALWAYS_SEARCH_USER_PATHS = NO;
				CLANG_ANALYZER_NONNULL = YES;
				CLANG_ANALYZER_NUMBER_OBJECT_CONVERSION = YES_AGGRESSIVE;
				CLANG_CXX_LANGUAGE_STANDARD = "gnu++0x";
				CLANG_CXX_LIBRARY = "libc++";
				CLANG_ENABLE_MODULES = YES;
				CLANG_ENABLE_OBJC_ARC = YES;
				CLANG_WARN_BOOL_CONVERSION = YES;
				CLANG_WARN_CONSTANT_CONVERSION = YES;
				CLANG_WARN_DIRECT_OBJC_ISA_USAGE = YES_ERROR;
				CLANG_WARN_DOCUMENTATION_COMMENTS = YES;
				CLANG_WARN_EMPTY_BODY = YES;
				CLANG_WARN_ENUM_CONVERSION = YES;
				CLANG_WARN_INFINITE_RECURSION = YES;
				CLANG_WARN_INT_CONVERSION = YES;
				CLANG_WARN_OBJC_ROOT_CLASS = YES_ERROR;
				CLANG_WARN_SUSPICIOUS_MOVE = YES;
				CLANG_WARN_UNREACHABLE_CODE = YES;
				CLANG_WARN__DUPLICATE_METHOD_MATCH = YES;
				"CODE_SIGN_IDENTITY[sdk=iphoneos*]" = "iPhone Developer";
				COPY_PHASE_STRIP = NO;
				DEBUG_INFORMATION_FORMAT = "dwarf-with-dsym";
				ENABLE_NS_ASSERTIONS = NO;
				ENABLE_STRICT_OBJC_MSGSEND = YES;
				GCC_C_LANGUAGE_STANDARD = gnu99;
				GCC_NO_COMMON_BLOCKS = YES;
				GCC_WARN_64_TO_32_BIT_CONVERSION = YES;
				GCC_WARN_ABOUT_RETURN_TYPE = YES_ERROR;
				GCC_WARN_UNDECLARED_SELECTOR = YES;
				GCC_WARN_UNINITIALIZED_AUTOS = YES_AGGRESSIVE;
				GCC_WARN_UNUSED_FUNCTION = YES;
				GCC_WARN_UNUSED_VARIABLE = YES;
				IPHONEOS_DEPLOYMENT_TARGET = 10.3;
				MTL_ENABLE_DEBUG_INFO = NO;
				SDKROOT = iphoneos;
				SWIFT_OPTIMIZATION_LEVEL = "-Owholemodule";
				TARGETED_DEVICE_FAMILY = "1,2";
				VALIDATE_PRODUCT = YES;
			};
			name = Release;
		};
		260B59D41F0CDC4B00E06BB3 /* Debug */ = {
			isa = XCBuildConfiguration;
			buildSettings = {
				ASSETCATALOG_COMPILER_APPICON_NAME = AppIcon;
				INFOPLIST_FILE = LeHongPhong_14110409_bai3/Info.plist;
				LD_RUNPATH_SEARCH_PATHS = "$(inherited) @executable_path/Frameworks";
				PRODUCT_BUNDLE_IDENTIFIER = "com.edu.example.LeHongPhong-14110409-bai3";
				PRODUCT_NAME = "$(TARGET_NAME)";
				SWIFT_VERSION = 3.0;
			};
			name = Debug;
		};
		260B59D51F0CDC4B00E06BB3 /* Release */ = {
			isa = XCBuildConfiguration;
			buildSettings = {
				ASSETCATALOG_COMPILER_APPICON_NAME = AppIcon;
				INFOPLIST_FILE = LeHongPhong_14110409_bai3/Info.plist;
				LD_RUNPATH_SEARCH_PATHS = "$(inherited) @executable_path/Frameworks";
				PRODUCT_BUNDLE_IDENTIFIER = "com.edu.example.LeHongPhong-14110409-bai3";
				PRODUCT_NAME = "$(TARGET_NAME)";
				SWIFT_VERSION = 3.0;
			};
			name = Release;
		};
		260B59D71F0CDC4B00E06BB3 /* Debug */ = {
			isa = XCBuildConfiguration;
			buildSettings = {
				ALWAYS_EMBED_SWIFT_STANDARD_LIBRARIES = YES;
				BUNDLE_LOADER = "$(TEST_HOST)";
				INFOPLIST_FILE = LeHongPhong_14110409_bai3Tests/Info.plist;
				LD_RUNPATH_SEARCH_PATHS = "$(inherited) @executable_path/Frameworks @loader_path/Frameworks";
				PRODUCT_BUNDLE_IDENTIFIER = "com.edu.example.LeHongPhong-14110409-bai3Tests";
				PRODUCT_NAME = "$(TARGET_NAME)";
				SWIFT_VERSION = 3.0;
				TEST_HOST = "$(BUILT_PRODUCTS_DIR)/LeHongPhong_14110409_bai3.app/LeHongPhong_14110409_bai3";
			};
			name = Debug;
		};
		260B59D81F0CDC4B00E06BB3 /* Release */ = {
			isa = XCBuildConfiguration;
			buildSettings = {
				ALWAYS_EMBED_SWIFT_STANDARD_LIBRARIES = YES;
				BUNDLE_LOADER = "$(TEST_HOST)";
				INFOPLIST_FILE = LeHongPhong_14110409_bai3Tests/Info.plist;
				LD_RUNPATH_SEARCH_PATHS = "$(inherited) @executable_path/Frameworks @loader_path/Frameworks";
				PRODUCT_BUNDLE_IDENTIFIER = "com.edu.example.LeHongPhong-14110409-bai3Tests";
				PRODUCT_NAME = "$(TARGET_NAME)";
				SWIFT_VERSION = 3.0;
				TEST_HOST = "$(BUILT_PRODUCTS_DIR)/LeHongPhong_14110409_bai3.app/LeHongPhong_14110409_bai3";
			};
			name = Release;
		};
		260B59DA1F0CDC4B00E06BB3 /* Debug */ = {
			isa = XCBuildConfiguration;
			buildSettings = {
				ALWAYS_EMBED_SWIFT_STANDARD_LIBRARIES = YES;
				INFOPLIST_FILE = LeHongPhong_14110409_bai3UITests/Info.plist;
				LD_RUNPATH_SEARCH_PATHS = "$(inherited) @executable_path/Frameworks @loader_path/Frameworks";
				PRODUCT_BUNDLE_IDENTIFIER = "com.edu.example.LeHongPhong-14110409-bai3UITests";
				PRODUCT_NAME = "$(TARGET_NAME)";
				SWIFT_VERSION = 3.0;
				TEST_TARGET_NAME = LeHongPhong_14110409_bai3;
			};
			name = Debug;
		};
		260B59DB1F0CDC4B00E06BB3 /* Release */ = {
			isa = XCBuildConfiguration;
			buildSettings = {
				ALWAYS_EMBED_SWIFT_STANDARD_LIBRARIES = YES;
				INFOPLIST_FILE = LeHongPhong_14110409_bai3UITests/Info.plist;
				LD_RUNPATH_SEARCH_PATHS = "$(inherited) @executable_path/Frameworks @loader_path/Frameworks";
				PRODUCT_BUNDLE_IDENTIFIER = "com.edu.example.LeHongPhong-14110409-bai3UITests";
				PRODUCT_NAME = "$(TARGET_NAME)";
				SWIFT_VERSION = 3.0;
				TEST_TARGET_NAME = LeHongPhong_14110409_bai3;
			};
			name = Release;
		};
/* End XCBuildConfiguration section */

/* Begin XCConfigurationList section */
		260B59A61F0CDC4B00E06BB3 /* Build configuration list for PBXProject "LeHongPhong_14110409_bai3" */ = {
			isa = XCConfigurationList;
			buildConfigurations = (
				260B59D11F0CDC4B00E06BB3 /* Debug */,
				260B59D21F0CDC4B00E06BB3 /* Release */,
			);
			defaultConfigurationIsVisible = 0;
			defaultConfigurationName = Release;
		};
		260B59D31F0CDC4B00E06BB3 /* Build configuration list for PBXNativeTarget "LeHongPhong_14110409_bai3" */ = {
			isa = XCConfigurationList;
			buildConfigurations = (
				260B59D41F0CDC4B00E06BB3 /* Debug */,
				260B59D51F0CDC4B00E06BB3 /* Release */,
			);
			defaultConfigurationIsVisible = 0;
		};
		260B59D61F0CDC4B00E06BB3 /* Build configuration list for PBXNativeTarget "LeHongPhong_14110409_bai3Tests" */ = {
			isa = XCConfigurationList;
			buildConfigurations = (
				260B59D71F0CDC4B00E06BB3 /* Debug */,
				260B59D81F0CDC4B00E06BB3 /* Release */,
			);
			defaultConfigurationIsVisible = 0;
		};
		260B59D91F0CDC4B00E06BB3 /* Build configuration list for PBXNativeTarget "LeHongPhong_14110409_bai3UITests" */ = {
			isa = XCConfigurationList;
			buildConfigurations = (
				260B59DA1F0CDC4B00E06BB3 /* Debug */,
				260B59DB1F0CDC4B00E06BB3 /* Release */,
			);
			defaultConfigurationIsVisible = 0;
		};
/* End XCConfigurationList section */
	};
	rootObject = 260B59A31F0CDC4B00E06BB3 /* Project object */;
}
